
Microsoft Visual Studio Solution File, Format Version 12.00
# Visual Studio Version 17
VisualStudioVersion = 17.5.33516.290
MinimumVisualStudioVersion = 10.0.40219.1
Project("{9A19103F-16F7-4668-BE54-9A1E7A4F7556}") = "ProductManagementDemoAPI", "ProductManagementDemoAPI\ProductManagementDemoAPI.csproj", "{4724C270-2423-4ABA-B13A-45056B45B6CF}"
EndProject
Project("{9A19103F-16F7-4668-BE54-9A1E7A4F7556}") = "Entities", "Entities\Entities.csproj", "{EFBC3F43-9F42-4549-AB52-F894CD8FD288}"
EndProject
Project("{FAE04EC0-301F-11D3-BF4B-00C04F79EFBC}") = "DataAccess", "DataAccess\DataAccess.csproj", "{774F8871-491E-4873-9FE3-692F6E3CBBFD}"
EndProject
Project("{FAE04EC0-301F-11D3-BF4B-00C04F79EFBC}") = "Business", "Business\Business.csproj", "{A41DBC54-0205-4476-BAD8-5CBAEB8A5290}"
EndProject
Project("{FAE04EC0-301F-11D3-BF4B-00C04F79EFBC}") = "Core", "Core\Core.csproj", "{2740A1B0-5D04-4A22-B4B0-C880D69F7150}"
EndProject
Global
	GlobalSection(SolutionConfigurationPlatforms) = preSolution
		Debug|Any CPU = Debug|Any CPU
		Release|Any CPU = Release|Any CPU
	EndGlobalSection
	GlobalSection(ProjectConfigurationPlatforms) = postSolution
		{4724C270-2423-4ABA-B13A-45056B45B6CF}.Debug|Any CPU.ActiveCfg = Debug|Any CPU
		{4724C270-2423-4ABA-B13A-45056B45B6CF}.Debug|Any CPU.Build.0 = Debug|Any CPU
		{4724C270-2423-4ABA-B13A-45056B45B6CF}.Release|Any CPU.ActiveCfg = Release|Any CPU
		{4724C270-2423-4ABA-B13A-45056B45B6CF}.Release|Any CPU.Build.0 = Release|Any CPU
		{EFBC3F43-9F42-4549-AB52-F894CD8FD288}.Debug|Any CPU.ActiveCfg = Debug|Any CPU
		{EFBC3F43-9F42-4549-AB52-F894CD8FD288}.Debug|Any CPU.Build.0 = Debug|Any CPU
		{EFBC3F43-9F42-4549-AB52-F894CD8FD288}.Release|Any CPU.ActiveCfg = Release|Any CPU
		{EFBC3F43-9F42-4549-AB52-F894CD8FD288}.Release|Any CPU.Build.0 = Release|Any CPU
		{774F8871-491E-4873-9FE3-692F6E3CBBFD}.Debug|Any CPU.ActiveCfg = Debug|Any CPU
		{774F8871-491E-4873-9FE3-692F6E3CBBFD}.Debug|Any CPU.Build.0 = Debug|Any CPU
		{774F8871-491E-4873-9FE3-692F6E3CBBFD}.Release|Any CPU.ActiveCfg = Release|Any CPU
		{774F8871-491E-4873-9FE3-692F6E3CBBFD}.Release|Any CPU.Build.0 = Release|Any CPU
		{A41DBC54-0205-4476-BAD8-5CBAEB8A5290}.Debug|Any CPU.ActiveCfg = Debug|Any CPU
		{A41DBC54-0205-4476-BAD8-5CBAEB8A5290}.Debug|Any CPU.Build.0 = Debug|Any CPU
		{A41DBC54-0205-4476-BAD8-5CBAEB8A5290}.Release|Any CPU.ActiveCfg = Release|Any CPU
		{A41DBC54-0205-4476-BAD8-5CBAEB8A5290}.Release|Any CPU.Build.0 = Release|Any CPU
		{2740A1B0-5D04-4A22-B4B0-C880D69F7150}.Debug|Any CPU.ActiveCfg = Debug|Any CPU
		{2740A1B0-5D04-4A22-B4B0-C880D69F7150}.Debug|Any CPU.Build.0 = Debug|Any CPU
		{2740A1B0-5D04-4A22-B4B0-C880D69F7150}.Release|Any CPU.ActiveCfg = Release|Any CPU
		{2740A1B0-5D04-4A22-B4B0-C880D69F7150}.Release|Any CPU.Build.0 = Release|Any CPU
	EndGlobalSection
	GlobalSection(SolutionProperties) = preSolution
		HideSolutionNode = FALSE
	EndGlobalSection
	GlobalSection(ExtensibilityGlobals) = postSolution
		SolutionGuid = {49913338-413C-40A0-9CA8-9CD6ABD79486}
	EndGlobalSection
EndGlobal
